// !$*UTF8*$!
{
	archiveVersion = 1;
	classes = {
	};
	objectVersion = 46;
	objects = {

/* Begin PBXBuildFile section */
		35B72C7E161AF27800350CD6 /* UIKit.framework in Frameworks */ = {isa = PBXBuildFile; fileRef = 35B72C7D161AF27800350CD6 /* UIKit.framework */; };
		35B72C80161AF27800350CD6 /* Foundation.framework in Frameworks */ = {isa = PBXBuildFile; fileRef = 35B72C7F161AF27800350CD6 /* Foundation.framework */; };
		35B72C82161AF27800350CD6 /* CoreGraphics.framework in Frameworks */ = {isa = PBXBuildFile; fileRef = 35B72C81161AF27800350CD6 /* CoreGraphics.framework */; };
		35B72C88161AF27800350CD6 /* InfoPlist.strings in Resources */ = {isa = PBXBuildFile; fileRef = 35B72C86161AF27800350CD6 /* InfoPlist.strings */; };
		35B72C8A161AF27800350CD6 /* main.m in Sources */ = {isa = PBXBuildFile; fileRef = 35B72C89161AF27800350CD6 /* main.m */; };
		35B72C8E161AF27800350CD6 /* AppDelegate.m in Sources */ = {isa = PBXBuildFile; fileRef = 35B72C8D161AF27800350CD6 /* AppDelegate.m */; };
		35B72C91161AF27800350CD6 /* ViewController.m in Sources */ = {isa = PBXBuildFile; fileRef = 35B72C90161AF27800350CD6 /* ViewController.m */; };
		35B72C94161AF27800350CD6 /* ViewController.xib in Resources */ = {isa = PBXBuildFile; fileRef = 35B72C92161AF27800350CD6 /* ViewController.xib */; };
		35B72D78161AF36C00350CD6 /* 1.png in Resources */ = {isa = PBXBuildFile; fileRef = 35B72C9A161AF36800350CD6 /* 1.png */; };
		35B72D79161AF36C00350CD6 /* 1@2x.png in Resources */ = {isa = PBXBuildFile; fileRef = 35B72C9B161AF36800350CD6 /* 1@2x.png */; };
		35B72D7D161AF36C00350CD6 /* 2.png in Resources */ = {isa = PBXBuildFile; fileRef = 35B72C9F161AF36800350CD6 /* 2.png */; };
		35B72D7E161AF36C00350CD6 /* 2@2x.png in Resources */ = {isa = PBXBuildFile; fileRef = 35B72CA0161AF36800350CD6 /* 2@2x.png */; };
		35B72D82161AF36C00350CD6 /* 3.png in Resources */ = {isa = PBXBuildFile; fileRef = 35B72CA4161AF36800350CD6 /* 3.png */; };
		35B72D83161AF36C00350CD6 /* 3@2x.png in Resources */ = {isa = PBXBuildFile; fileRef = 35B72CA5161AF36800350CD6 /* 3@2x.png */; };
		35B72D87161AF36C00350CD6 /* 4.png in Resources */ = {isa = PBXBuildFile; fileRef = 35B72CA9161AF36800350CD6 /* 4.png */; };
		35B72D88161AF36C00350CD6 /* 4@2x.png in Resources */ = {isa = PBXBuildFile; fileRef = 35B72CAA161AF36800350CD6 /* 4@2x.png */; };
		35B72D8C161AF36C00350CD6 /* 5.png in Resources */ = {isa = PBXBuildFile; fileRef = 35B72CAE161AF36800350CD6 /* 5.png */; };
		35B72D8D161AF36C00350CD6 /* 5@2x.png in Resources */ = {isa = PBXBuildFile; fileRef = 35B72CAF161AF36800350CD6 /* 5@2x.png */; };
		35B72D91161AF36C00350CD6 /* 6.png in Resources */ = {isa = PBXBuildFile; fileRef = 35B72CB3161AF36800350CD6 /* 6.png */; };
		35B72D92161AF36C00350CD6 /* 6@2x.png in Resources */ = {isa = PBXBuildFile; fileRef = 35B72CB4161AF36800350CD6 /* 6@2x.png */; };
		35B72D96161AF36C00350CD6 /* 7.png in Resources */ = {isa = PBXBuildFile; fileRef = 35B72CB8161AF36800350CD6 /* 7.png */; };
		35B72D97161AF36C00350CD6 /* 7@2x.png in Resources */ = {isa = PBXBuildFile; fileRef = 35B72CB9161AF36800350CD6 /* 7@2x.png */; };
		35B72D9B161AF36C00350CD6 /* 8.png in Resources */ = {isa = PBXBuildFile; fileRef = 35B72CBD161AF36800350CD6 /* 8.png */; };
		35B72D9C161AF36C00350CD6 /* 8@2x.png in Resources */ = {isa = PBXBuildFile; fileRef = 35B72CBE161AF36800350CD6 /* 8@2x.png */; };
		35B72DA0161AF36C00350CD6 /* 9.png in Resources */ = {isa = PBXBuildFile; fileRef = 35B72CC2161AF36900350CD6 /* 9.png */; };
		35B72DA1161AF36C00350CD6 /* 9@2x.png in Resources */ = {isa = PBXBuildFile; fileRef = 35B72CC3161AF36900350CD6 /* 9@2x.png */; };
		35B72DA5161AF36C00350CD6 /* 10.png in Resources */ = {isa = PBXBuildFile; fileRef = 35B72CC7161AF36900350CD6 /* 10.png */; };
		35B72DA6161AF36C00350CD6 /* 10@2x.png in Resources */ = {isa = PBXBuildFile; fileRef = 35B72CC8161AF36900350CD6 /* 10@2x.png */; };
		35B72DAA161AF36C00350CD6 /* 11.png in Resources */ = {isa = PBXBuildFile; fileRef = 35B72CCC161AF36900350CD6 /* 11.png */; };
		35B72DAB161AF36C00350CD6 /* 11@2x.png in Resources */ = {isa = PBXBuildFile; fileRef = 35B72CCD161AF36900350CD6 /* 11@2x.png */; };
		35B72DAE161AF36C00350CD6 /* 12.png in Resources */ = {isa = PBXBuildFile; fileRef = 35B72CD0161AF36900350CD6 /* 12.png */; };
		35B72DAF161AF36C00350CD6 /* 12@2x.png in Resources */ = {isa = PBXBuildFile; fileRef = 35B72CD1161AF36900350CD6 /* 12@2x.png */; };
		35B72DB2161AF36C00350CD6 /* 13.png in Resources */ = {isa = PBXBuildFile; fileRef = 35B72CD4161AF36900350CD6 /* 13.png */; };
		35B72DB3161AF36C00350CD6 /* 13@2x.png in Resources */ = {isa = PBXBuildFile; fileRef = 35B72CD5161AF36900350CD6 /* 13@2x.png */; };
		35B72DB6161AF36C00350CD6 /* 14.png in Resources */ = {isa = PBXBuildFile; fileRef = 35B72CD8161AF36900350CD6 /* 14.png */; };
		35B72DB7161AF36C00350CD6 /* 14@2x.png in Resources */ = {isa = PBXBuildFile; fileRef = 35B72CD9161AF36900350CD6 /* 14@2x.png */; };
		35B72DBA161AF36C00350CD6 /* 15.png in Resources */ = {isa = PBXBuildFile; fileRef = 35B72CDC161AF36900350CD6 /* 15.png */; };
		35B72DBB161AF36C00350CD6 /* 15@2x.png in Resources */ = {isa = PBXBuildFile; fileRef = 35B72CDD161AF36900350CD6 /* 15@2x.png */; };
		35B72DBE161AF36C00350CD6 /* 16.png in Resources */ = {isa = PBXBuildFile; fileRef = 35B72CE0161AF36900350CD6 /* 16.png */; };
		35B72DBF161AF36C00350CD6 /* 16@2x.png in Resources */ = {isa = PBXBuildFile; fileRef = 35B72CE1161AF36900350CD6 /* 16@2x.png */; };
		35B72DC2161AF36C00350CD6 /* 17.png in Resources */ = {isa = PBXBuildFile; fileRef = 35B72CE4161AF36900350CD6 /* 17.png */; };
		35B72DC3161AF36C00350CD6 /* 17@2x.png in Resources */ = {isa = PBXBuildFile; fileRef = 35B72CE5161AF36900350CD6 /* 17@2x.png */; };
		35B72DC6161AF36C00350CD6 /* 18.png in Resources */ = {isa = PBXBuildFile; fileRef = 35B72CE8161AF36900350CD6 /* 18.png */; };
		35B72DC7161AF36C00350CD6 /* 18@2x.png in Resources */ = {isa = PBXBuildFile; fileRef = 35B72CE9161AF36900350CD6 /* 18@2x.png */; };
		35B72DCA161AF36C00350CD6 /* 19.png in Resources */ = {isa = PBXBuildFile; fileRef = 35B72CEC161AF36A00350CD6 /* 19.png */; };
		35B72DCB161AF36C00350CD6 /* 19@2x.png in Resources */ = {isa = PBXBuildFile; fileRef = 35B72CED161AF36A00350CD6 /* 19@2x.png */; };
		35B72DCE161AF36C00350CD6 /* 20.png in Resources */ = {isa = PBXBuildFile; fileRef = 35B72CF0161AF36A00350CD6 /* 20.png */; };
		35B72DCF161AF36C00350CD6 /* 20@2x.png in Resources */ = {isa = PBXBuildFile; fileRef = 35B72CF1161AF36A00350CD6 /* 20@2x.png */; };
		35B72DD2161AF36C00350CD6 /* 21.png in Resources */ = {isa = PBXBuildFile; fileRef = 35B72CF4161AF36A00350CD6 /* 21.png */; };
		35B72DD3161AF36C00350CD6 /* 21@2x.png in Resources */ = {isa = PBXBuildFile; fileRef = 35B72CF5161AF36A00350CD6 /* 21@2x.png */; };
		35B72DD6161AF36C00350CD6 /* 22.png in Resources */ = {isa = PBXBuildFile; fileRef = 35B72CF8161AF36A00350CD6 /* 22.png */; };
		35B72DD7161AF36C00350CD6 /* 22@2x.png in Resources */ = {isa = PBXBuildFile; fileRef = 35B72CF9161AF36A00350CD6 /* 22@2x.png */; };
		35B72DDA161AF36C00350CD6 /* 23.png in Resources */ = {isa = PBXBuildFile; fileRef = 35B72CFC161AF36A00350CD6 /* 23.png */; };
		35B72DDB161AF36C00350CD6 /* 23@2x.png in Resources */ = {isa = PBXBuildFile; fileRef = 35B72CFD161AF36A00350CD6 /* 23@2x.png */; };
		35B72DDE161AF36C00350CD6 /* 24.png in Resources */ = {isa = PBXBuildFile; fileRef = 35B72D00161AF36A00350CD6 /* 24.png */; };
		35B72DDF161AF36C00350CD6 /* 24@2x.png in Resources */ = {isa = PBXBuildFile; fileRef = 35B72D01161AF36A00350CD6 /* 24@2x.png */; };
		35B72DE2161AF36C00350CD6 /* 25.png in Resources */ = {isa = PBXBuildFile; fileRef = 35B72D04161AF36A00350CD6 /* 25.png */; };
		35B72DE3161AF36C00350CD6 /* 25@2x.png in Resources */ = {isa = PBXBuildFile; fileRef = 35B72D05161AF36A00350CD6 /* 25@2x.png */; };
		35B72DE6161AF36C00350CD6 /* 26.png in Resources */ = {isa = PBXBuildFile; fileRef = 35B72D08161AF36A00350CD6 /* 26.png */; };
		35B72DE7161AF36C00350CD6 /* 26@2x.png in Resources */ = {isa = PBXBuildFile; fileRef = 35B72D09161AF36A00350CD6 /* 26@2x.png */; };
		35B72DEA161AF36C00350CD6 /* 27.png in Resources */ = {isa = PBXBuildFile; fileRef = 35B72D0C161AF36A00350CD6 /* 27.png */; };
		35B72DEB161AF36C00350CD6 /* 27@2x.png in Resources */ = {isa = PBXBuildFile; fileRef = 35B72D0D161AF36A00350CD6 /* 27@2x.png */; };
		35B72DEE161AF36C00350CD6 /* 28.png in Resources */ = {isa = PBXBuildFile; fileRef = 35B72D10161AF36A00350CD6 /* 28.png */; };
		35B72DEF161AF36C00350CD6 /* 28@2x.png in Resources */ = {isa = PBXBuildFile; fileRef = 35B72D11161AF36A00350CD6 /* 28@2x.png */; };
		35B72DF2161AF36C00350CD6 /* 29.png in Resources */ = {isa = PBXBuildFile; fileRef = 35B72D14161AF36A00350CD6 /* 29.png */; };
		35B72DF3161AF36C00350CD6 /* 29@2x.png in Resources */ = {isa = PBXBuildFile; fileRef = 35B72D15161AF36A00350CD6 /* 29@2x.png */; };
		35B72DF6161AF36C00350CD6 /* 30.png in Resources */ = {isa = PBXBuildFile; fileRef = 35B72D18161AF36A00350CD6 /* 30.png */; };
		35B72DF7161AF36C00350CD6 /* 30@2x.png in Resources */ = {isa = PBXBuildFile; fileRef = 35B72D19161AF36A00350CD6 /* 30@2x.png */; };
		35B72DFA161AF36C00350CD6 /* 31.png in Resources */ = {isa = PBXBuildFile; fileRef = 35B72D1C161AF36A00350CD6 /* 31.png */; };
		35B72DFB161AF36C00350CD6 /* 31@2x.png in Resources */ = {isa = PBXBuildFile; fileRef = 35B72D1D161AF36A00350CD6 /* 31@2x.png */; };
		35B72DFE161AF36C00350CD6 /* 32.png in Resources */ = {isa = PBXBuildFile; fileRef = 35B72D20161AF36A00350CD6 /* 32.png */; };
		35B72DFF161AF36C00350CD6 /* 32@2x.png in Resources */ = {isa = PBXBuildFile; fileRef = 35B72D21161AF36A00350CD6 /* 32@2x.png */; };
		35B72E02161AF36C00350CD6 /* 33.png in Resources */ = {isa = PBXBuildFile; fileRef = 35B72D24161AF36A00350CD6 /* 33.png */; };
		35B72E03161AF36C00350CD6 /* 33@2x.png in Resources */ = {isa = PBXBuildFile; fileRef = 35B72D25161AF36A00350CD6 /* 33@2x.png */; };
		35B72E06161AF36C00350CD6 /* 34.png in Resources */ = {isa = PBXBuildFile; fileRef = 35B72D28161AF36B00350CD6 /* 34.png */; };
		35B72E07161AF36C00350CD6 /* 34@2x.png in Resources */ = {isa = PBXBuildFile; fileRef = 35B72D29161AF36B00350CD6 /* 34@2x.png */; };
		35B72E0A161AF36C00350CD6 /* 35.png in Resources */ = {isa = PBXBuildFile; fileRef = 35B72D2C161AF36B00350CD6 /* 35.png */; };
		35B72E0B161AF36C00350CD6 /* 35@2x.png in Resources */ = {isa = PBXBuildFile; fileRef = 35B72D2D161AF36B00350CD6 /* 35@2x.png */; };
		35B72E0E161AF36C00350CD6 /* 36.png in Resources */ = {isa = PBXBuildFile; fileRef = 35B72D30161AF36B00350CD6 /* 36.png */; };
		35B72E0F161AF36C00350CD6 /* 36@2x.png in Resources */ = {isa = PBXBuildFile; fileRef = 35B72D31161AF36B00350CD6 /* 36@2x.png */; };
		35B72E12161AF36C00350CD6 /* 37.png in Resources */ = {isa = PBXBuildFile; fileRef = 35B72D34161AF36B00350CD6 /* 37.png */; };
		35B72E13161AF36C00350CD6 /* 37@2x.png in Resources */ = {isa = PBXBuildFile; fileRef = 35B72D35161AF36B00350CD6 /* 37@2x.png */; };
		35B72E16161AF36C00350CD6 /* 38.png in Resources */ = {isa = PBXBuildFile; fileRef = 35B72D38161AF36B00350CD6 /* 38.png */; };
		35B72E17161AF36C00350CD6 /* 38@2x.png in Resources */ = {isa = PBXBuildFile; fileRef = 35B72D39161AF36B00350CD6 /* 38@2x.png */; };
		35B72E1A161AF36C00350CD6 /* 39.png in Resources */ = {isa = PBXBuildFile; fileRef = 35B72D3C161AF36B00350CD6 /* 39.png */; };
		35B72E1B161AF36C00350CD6 /* 39@2x.png in Resources */ = {isa = PBXBuildFile; fileRef = 35B72D3D161AF36B00350CD6 /* 39@2x.png */; };
		35B72E1E161AF36C00350CD6 /* 40.png in Resources */ = {isa = PBXBuildFile; fileRef = 35B72D40161AF36B00350CD6 /* 40.png */; };
		35B72E1F161AF36C00350CD6 /* 40@2x.png in Resources */ = {isa = PBXBuildFile; fileRef = 35B72D41161AF36B00350CD6 /* 40@2x.png */; };
		35B72E22161AF36C00350CD6 /* 41.png in Resources */ = {isa = PBXBuildFile; fileRef = 35B72D44161AF36B00350CD6 /* 41.png */; };
		35B72E23161AF36C00350CD6 /* 41@2x.png in Resources */ = {isa = PBXBuildFile; fileRef = 35B72D45161AF36B00350CD6 /* 41@2x.png */; };
		35B72E26161AF36C00350CD6 /* 42.png in Resources */ = {isa = PBXBuildFile; fileRef = 35B72D48161AF36B00350CD6 /* 42.png */; };
		35B72E27161AF36C00350CD6 /* 42@2x.png in Resources */ = {isa = PBXBuildFile; fileRef = 35B72D49161AF36B00350CD6 /* 42@2x.png */; };
		35B72E2A161AF36C00350CD6 /* 43.png in Resources */ = {isa = PBXBuildFile; fileRef = 35B72D4C161AF36B00350CD6 /* 43.png */; };
		35B72E2B161AF36C00350CD6 /* 43@2x.png in Resources */ = {isa = PBXBuildFile; fileRef = 35B72D4D161AF36B00350CD6 /* 43@2x.png */; };
		35B72E2E161AF36C00350CD6 /* 44.png in Resources */ = {isa = PBXBuildFile; fileRef = 35B72D50161AF36B00350CD6 /* 44.png */; };
		35B72E2F161AF36C00350CD6 /* 44@2x.png in Resources */ = {isa = PBXBuildFile; fileRef = 35B72D51161AF36B00350CD6 /* 44@2x.png */; };
		35B72E32161AF36C00350CD6 /* 45.png in Resources */ = {isa = PBXBuildFile; fileRef = 35B72D54161AF36B00350CD6 /* 45.png */; };
		35B72E33161AF36C00350CD6 /* 45@2x.png in Resources */ = {isa = PBXBuildFile; fileRef = 35B72D55161AF36C00350CD6 /* 45@2x.png */; };
		35B72E36161AF36C00350CD6 /* 46.png in Resources */ = {isa = PBXBuildFile; fileRef = 35B72D58161AF36C00350CD6 /* 46.png */; };
		35B72E37161AF36C00350CD6 /* 46@2x.png in Resources */ = {isa = PBXBuildFile; fileRef = 35B72D59161AF36C00350CD6 /* 46@2x.png */; };
		35B72E3A161AF36C00350CD6 /* 47.png in Resources */ = {isa = PBXBuildFile; fileRef = 35B72D5C161AF36C00350CD6 /* 47.png */; };
		35B72E3B161AF36C00350CD6 /* 47@2x.png in Resources */ = {isa = PBXBuildFile; fileRef = 35B72D5D161AF36C00350CD6 /* 47@2x.png */; };
		35B72E3E161AF36C00350CD6 /* 48.png in Resources */ = {isa = PBXBuildFile; fileRef = 35B72D60161AF36C00350CD6 /* 48.png */; };
		35B72E3F161AF36C00350CD6 /* 48@2x.png in Resources */ = {isa = PBXBuildFile; fileRef = 35B72D61161AF36C00350CD6 /* 48@2x.png */; };
		35B72E42161AF36C00350CD6 /* 49.png in Resources */ = {isa = PBXBuildFile; fileRef = 35B72D64161AF36C00350CD6 /* 49.png */; };
		35B72E43161AF36C00350CD6 /* 49@2x.png in Resources */ = {isa = PBXBuildFile; fileRef = 35B72D65161AF36C00350CD6 /* 49@2x.png */; };
		35B72E46161AF36C00350CD6 /* 50.png in Resources */ = {isa = PBXBuildFile; fileRef = 35B72D68161AF36C00350CD6 /* 50.png */; };
		35B72E47161AF36C00350CD6 /* 50@2x.png in Resources */ = {isa = PBXBuildFile; fileRef = 35B72D69161AF36C00350CD6 /* 50@2x.png */; };
		35B72E4A161AF36C00350CD6 /* 51.png in Resources */ = {isa = PBXBuildFile; fileRef = 35B72D6C161AF36C00350CD6 /* 51.png */; };
		35B72E4B161AF36C00350CD6 /* 51@2x.png in Resources */ = {isa = PBXBuildFile; fileRef = 35B72D6D161AF36C00350CD6 /* 51@2x.png */; };
		35B72E4E161AF36C00350CD6 /* 52.png in Resources */ = {isa = PBXBuildFile; fileRef = 35B72D70161AF36C00350CD6 /* 52.png */; };
		35B72E4F161AF36C00350CD6 /* 52@2x.png in Resources */ = {isa = PBXBuildFile; fileRef = 35B72D71161AF36C00350CD6 /* 52@2x.png */; };
		35B72E52161AF36C00350CD6 /* 53.png in Resources */ = {isa = PBXBuildFile; fileRef = 35B72D74161AF36C00350CD6 /* 53.png */; };
		35B72E53161AF36C00350CD6 /* 53@2x.png in Resources */ = {isa = PBXBuildFile; fileRef = 35B72D75161AF36C00350CD6 /* 53@2x.png */; };
/* End PBXBuildFile section */

/* Begin PBXFileReference section */
		35B72C79161AF27800350CD6 /* UILongPressGestureRecognizer_test.app */ = {isa = PBXFileReference; explicitFileType = wrapper.application; includeInIndex = 0; path = UILongPressGestureRecognizer_test.app; sourceTree = BUILT_PRODUCTS_DIR; };
		35B72C7D161AF27800350CD6 /* UIKit.framework */ = {isa = PBXFileReference; lastKnownFileType = wrapper.framework; name = UIKit.framework; path = System/Library/Frameworks/UIKit.framework; sourceTree = SDKROOT; };
		35B72C7F161AF27800350CD6 /* Foundation.framework */ = {isa = PBXFileReference; lastKnownFileType = wrapper.framework; name = Foundation.framework; path = System/Library/Frameworks/Foundation.framework; sourceTree = SDKROOT; };
		35B72C81161AF27800350CD6 /* CoreGraphics.framework */ = {isa = PBXFileReference; lastKnownFileType = wrapper.framework; name = CoreGraphics.framework; path = System/Library/Frameworks/CoreGraphics.framework; sourceTree = SDKROOT; };
		35B72C85161AF27800350CD6 /* UILongPressGestureRecognizer_test-Info.plist */ = {isa = PBXFileReference; lastKnownFileType = text.plist.xml; path = "UILongPressGestureRecognizer_test-Info.plist"; sourceTree = "<group>"; };
		35B72C87161AF27800350CD6 /* en */ = {isa = PBXFileReference; lastKnownFileType = text.plist.strings; name = en; path = en.lproj/InfoPlist.strings; sourceTree = "<group>"; };
		35B72C89161AF27800350CD6 /* main.m */ = {isa = PBXFileReference; lastKnownFileType = sourcecode.c.objc; path = main.m; sourceTree = "<group>"; };
		35B72C8B161AF27800350CD6 /* UILongPressGestureRecognizer_test-Prefix.pch */ = {isa = PBXFileReference; lastKnownFileType = sourcecode.c.h; path = "UILongPressGestureRecognizer_test-Prefix.pch"; sourceTree = "<group>"; };
		35B72C8C161AF27800350CD6 /* AppDelegate.h */ = {isa = PBXFileReference; lastKnownFileType = sourcecode.c.h; path = AppDelegate.h; sourceTree = "<group>"; };
		35B72C8D161AF27800350CD6 /* AppDelegate.m */ = {isa = PBXFileReference; lastKnownFileType = sourcecode.c.objc; path = AppDelegate.m; sourceTree = "<group>"; };
		35B72C8F161AF27800350CD6 /* ViewController.h */ = {isa = PBXFileReference; lastKnownFileType = sourcecode.c.h; path = ViewController.h; sourceTree = "<group>"; };
		35B72C90161AF27800350CD6 /* ViewController.m */ = {isa = PBXFileReference; lastKnownFileType = sourcecode.c.objc; path = ViewController.m; sourceTree = "<group>"; };
		35B72C93161AF27800350CD6 /* en */ = {isa = PBXFileReference; lastKnownFileType = file.xib; name = en; path = en.lproj/ViewController.xib; sourceTree = "<group>"; };
		35B72C9A161AF36800350CD6 /* 1.png */ = {isa = PBXFileReference; lastKnownFileType = image.png; path = 1.png; sourceTree = "<group>"; };
		35B72C9B161AF36800350CD6 /* 1@2x.png */ = {isa = PBXFileReference; lastKnownFileType = image.png; path = "1@2x.png"; sourceTree = "<group>"; };
		35B72C9F161AF36800350CD6 /* 2.png */ = {isa = PBXFileReference; lastKnownFileType = image.png; path = 2.png; sourceTree = "<group>"; };
		35B72CA0161AF36800350CD6 /* 2@2x.png */ = {isa = PBXFileReference; lastKnownFileType = image.png; path = "2@2x.png"; sourceTree = "<group>"; };
		35B72CA4161AF36800350CD6 /* 3.png */ = {isa = PBXFileReference; lastKnownFileType = image.png; path = 3.png; sourceTree = "<group>"; };
		35B72CA5161AF36800350CD6 /* 3@2x.png */ = {isa = PBXFileReference; lastKnownFileType = image.png; path = "3@2x.png"; sourceTree = "<group>"; };
		35B72CA9161AF36800350CD6 /* 4.png */ = {isa = PBXFileReference; lastKnownFileType = image.png; path = 4.png; sourceTree = "<group>"; };
		35B72CAA161AF36800350CD6 /* 4@2x.png */ = {isa = PBXFileReference; lastKnownFileType = image.png; path = "4@2x.png"; sourceTree = "<group>"; };
		35B72CAE161AF36800350CD6 /* 5.png */ = {isa = PBXFileReference; lastKnownFileType = image.png; path = 5.png; sourceTree = "<group>"; };
		35B72CAF161AF36800350CD6 /* 5@2x.png */ = {isa = PBXFileReference; lastKnownFileType = image.png; path = "5@2x.png"; sourceTree = "<group>"; };
		35B72CB3161AF36800350CD6 /* 6.png */ = {isa = PBXFileReference; lastKnownFileType = image.png; path = 6.png; sourceTree = "<group>"; };
		35B72CB4161AF36800350CD6 /* 6@2x.png */ = {isa = PBXFileReference; lastKnownFileType = image.png; path = "6@2x.png"; sourceTree = "<group>"; };
		35B72CB8161AF36800350CD6 /* 7.png */ = {isa = PBXFileReference; lastKnownFileType = image.png; path = 7.png; sourceTree = "<group>"; };
		35B72CB9161AF36800350CD6 /* 7@2x.png */ = {isa = PBXFileReference; lastKnownFileType = image.png; path = "7@2x.png"; sourceTree = "<group>"; };
		35B72CBD161AF36800350CD6 /* 8.png */ = {isa = PBXFileReference; lastKnownFileType = image.png; path = 8.png; sourceTree = "<group>"; };
		35B72CBE161AF36800350CD6 /* 8@2x.png */ = {isa = PBXFileReference; lastKnownFileType = image.png; path = "8@2x.png"; sourceTree = "<group>"; };
		35B72CC2161AF36900350CD6 /* 9.png */ = {isa = PBXFileReference; lastKnownFileType = image.png; path = 9.png; sourceTree = "<group>"; };
		35B72CC3161AF36900350CD6 /* 9@2x.png */ = {isa = PBXFileReference; lastKnownFileType = image.png; path = "9@2x.png"; sourceTree = "<group>"; };
		35B72CC7161AF36900350CD6 /* 10.png */ = {isa = PBXFileReference; lastKnownFileType = image.png; path = 10.png; sourceTree = "<group>"; };
		35B72CC8161AF36900350CD6 /* 10@2x.png */ = {isa = PBXFileReference; lastKnownFileType = image.png; path = "10@2x.png"; sourceTree = "<group>"; };
		35B72CCC161AF36900350CD6 /* 11.png */ = {isa = PBXFileReference; lastKnownFileType = image.png; path = 11.png; sourceTree = "<group>"; };
		35B72CCD161AF36900350CD6 /* 11@2x.png */ = {isa = PBXFileReference; lastKnownFileType = image.png; path = "11@2x.png"; sourceTree = "<group>"; };
		35B72CD0161AF36900350CD6 /* 12.png */ = {isa = PBXFileReference; lastKnownFileType = image.png; path = 12.png; sourceTree = "<group>"; };
		35B72CD1161AF36900350CD6 /* 12@2x.png */ = {isa = PBXFileReference; lastKnownFileType = image.png; path = "12@2x.png"; sourceTree = "<group>"; };
		35B72CD4161AF36900350CD6 /* 13.png */ = {isa = PBXFileReference; lastKnownFileType = image.png; path = 13.png; sourceTree = "<group>"; };
		35B72CD5161AF36900350CD6 /* 13@2x.png */ = {isa = PBXFileReference; lastKnownFileType = image.png; path = "13@2x.png"; sourceTree = "<group>"; };
		35B72CD8161AF36900350CD6 /* 14.png */ = {isa = PBXFileReference; lastKnownFileType = image.png; path = 14.png; sourceTree = "<group>"; };
		35B72CD9161AF36900350CD6 /* 14@2x.png */ = {isa = PBXFileReference; lastKnownFileType = image.png; path = "14@2x.png"; sourceTree = "<group>"; };
		35B72CDC161AF36900350CD6 /* 15.png */ = {isa = PBXFileReference; lastKnownFileType = image.png; path = 15.png; sourceTree = "<group>"; };
		35B72CDD161AF36900350CD6 /* 15@2x.png */ = {isa = PBXFileReference; lastKnownFileType = image.png; path = "15@2x.png"; sourceTree = "<group>"; };
		35B72CE0161AF36900350CD6 /* 16.png */ = {isa = PBXFileReference; lastKnownFileType = image.png; path = 16.png; sourceTree = "<group>"; };
		35B72CE1161AF36900350CD6 /* 16@2x.png */ = {isa = PBXFileReference; lastKnownFileType = image.png; path = "16@2x.png"; sourceTree = "<group>"; };
		35B72CE4161AF36900350CD6 /* 17.png */ = {isa = PBXFileReference; lastKnownFileType = image.png; path = 17.png; sourceTree = "<group>"; };
		35B72CE5161AF36900350CD6 /* 17@2x.png */ = {isa = PBXFileReference; lastKnownFileType = image.png; path = "17@2x.png"; sourceTree = "<group>"; };
		35B72CE8161AF36900350CD6 /* 18.png */ = {isa = PBXFileReference; lastKnownFileType = image.png; path = 18.png; sourceTree = "<group>"; };
		35B72CE9161AF36900350CD6 /* 18@2x.png */ = {isa = PBXFileReference; lastKnownFileType = image.png; path = "18@2x.png"; sourceTree = "<group>"; };
		35B72CEC161AF36A00350CD6 /* 19.png */ = {isa = PBXFileReference; lastKnownFileType = image.png; path = 19.png; sourceTree = "<group>"; };
		35B72CED161AF36A00350CD6 /* 19@2x.png */ = {isa = PBXFileReference; lastKnownFileType = image.png; path = "19@2x.png"; sourceTree = "<group>"; };
		35B72CF0161AF36A00350CD6 /* 20.png */ = {isa = PBXFileReference; lastKnownFileType = image.png; path = 20.png; sourceTree = "<group>"; };
		35B72CF1161AF36A00350CD6 /* 20@2x.png */ = {isa = PBXFileReference; lastKnownFileType = image.png; path = "20@2x.png"; sourceTree = "<group>"; };
		35B72CF4161AF36A00350CD6 /* 21.png */ = {isa = PBXFileReference; lastKnownFileType = image.png; path = 21.png; sourceTree = "<group>"; };
		35B72CF5161AF36A00350CD6 /* 21@2x.png */ = {isa = PBXFileReference; lastKnownFileType = image.png; path = "21@2x.png"; sourceTree = "<group>"; };
		35B72CF8161AF36A00350CD6 /* 22.png */ = {isa = PBXFileReference; lastKnownFileType = image.png; path = 22.png; sourceTree = "<group>"; };
		35B72CF9161AF36A00350CD6 /* 22@2x.png */ = {isa = PBXFileReference; lastKnownFileType = image.png; path = "22@2x.png"; sourceTree = "<group>"; };
		35B72CFC161AF36A00350CD6 /* 23.png */ = {isa = PBXFileReference; lastKnownFileType = image.png; path = 23.png; sourceTree = "<group>"; };
		35B72CFD161AF36A00350CD6 /* 23@2x.png */ = {isa = PBXFileReference; lastKnownFileType = image.png; path = "23@2x.png"; sourceTree = "<group>"; };
		35B72D00161AF36A00350CD6 /* 24.png */ = {isa = PBXFileReference; lastKnownFileType = image.png; path = 24.png; sourceTree = "<group>"; };
		35B72D01161AF36A00350CD6 /* 24@2x.png */ = {isa = PBXFileReference; lastKnownFileType = image.png; path = "24@2x.png"; sourceTree = "<group>"; };
		35B72D04161AF36A00350CD6 /* 25.png */ = {isa = PBXFileReference; lastKnownFileType = image.png; path = 25.png; sourceTree = "<group>"; };
		35B72D05161AF36A00350CD6 /* 25@2x.png */ = {isa = PBXFileReference; lastKnownFileType = image.png; path = "25@2x.png"; sourceTree = "<group>"; };
		35B72D08161AF36A00350CD6 /* 26.png */ = {isa = PBXFileReference; lastKnownFileType = image.png; path = 26.png; sourceTree = "<group>"; };
		35B72D09161AF36A00350CD6 /* 26@2x.png */ = {isa = PBXFileReference; lastKnownFileType = image.png; path = "26@2x.png"; sourceTree = "<group>"; };
		35B72D0C161AF36A00350CD6 /* 27.png */ = {isa = PBXFileReference; lastKnownFileType = image.png; path = 27.png; sourceTree = "<group>"; };
		35B72D0D161AF36A00350CD6 /* 27@2x.png */ = {isa = PBXFileReference; lastKnownFileType = image.png; path = "27@2x.png"; sourceTree = "<group>"; };
		35B72D10161AF36A00350CD6 /* 28.png */ = {isa = PBXFileReference; lastKnownFileType = image.png; path = 28.png; sourceTree = "<group>"; };
		35B72D11161AF36A00350CD6 /* 28@2x.png */ = {isa = PBXFileReference; lastKnownFileType = image.png; path = "28@2x.png"; sourceTree = "<group>"; };
		35B72D14161AF36A00350CD6 /* 29.png */ = {isa = PBXFileReference; lastKnownFileType = image.png; path = 29.png; sourceTree = "<group>"; };
		35B72D15161AF36A00350CD6 /* 29@2x.png */ = {isa = PBXFileReference; lastKnownFileType = image.png; path = "29@2x.png"; sourceTree = "<group>"; };
		35B72D18161AF36A00350CD6 /* 30.png */ = {isa = PBXFileReference; lastKnownFileType = image.png; path = 30.png; sourceTree = "<group>"; };
		35B72D19161AF36A00350CD6 /* 30@2x.png */ = {isa = PBXFileReference; lastKnownFileType = image.png; path = "30@2x.png"; sourceTree = "<group>"; };
		35B72D1C161AF36A00350CD6 /* 31.png */ = {isa = PBXFileReference; lastKnownFileType = image.png; path = 31.png; sourceTree = "<group>"; };
		35B72D1D161AF36A00350CD6 /* 31@2x.png */ = {isa = PBXFileReference; lastKnownFileType = image.png; path = "31@2x.png"; sourceTree = "<group>"; };
		35B72D20161AF36A00350CD6 /* 32.png */ = {isa = PBXFileReference; lastKnownFileType = image.png; path = 32.png; sourceTree = "<group>"; };
		35B72D21161AF36A00350CD6 /* 32@2x.png */ = {isa = PBXFileReference; lastKnownFileType = image.png; path = "32@2x.png"; sourceTree = "<group>"; };
		35B72D24161AF36A00350CD6 /* 33.png */ = {isa = PBXFileReference; lastKnownFileType = image.png; path = 33.png; sourceTree = "<group>"; };
		35B72D25161AF36A00350CD6 /* 33@2x.png */ = {isa = PBXFileReference; lastKnownFileType = image.png; path = "33@2x.png"; sourceTree = "<group>"; };
		35B72D28161AF36B00350CD6 /* 34.png */ = {isa = PBXFileReference; lastKnownFileType = image.png; path = 34.png; sourceTree = "<group>"; };
		35B72D29161AF36B00350CD6 /* 34@2x.png */ = {isa = PBXFileReference; lastKnownFileType = image.png; path = "34@2x.png"; sourceTree = "<group>"; };
		35B72D2C161AF36B00350CD6 /* 35.png */ = {isa = PBXFileReference; lastKnownFileType = image.png; path = 35.png; sourceTree = "<group>"; };
		35B72D2D161AF36B00350CD6 /* 35@2x.png */ = {isa = PBXFileReference; lastKnownFileType = image.png; path = "35@2x.png"; sourceTree = "<group>"; };
		35B72D30161AF36B00350CD6 /* 36.png */ = {isa = PBXFileReference; lastKnownFileType = image.png; path = 36.png; sourceTree = "<group>"; };
		35B72D31161AF36B00350CD6 /* 36@2x.png */ = {isa = PBXFileReference; lastKnownFileType = image.png; path = "36@2x.png"; sourceTree = "<group>"; };
		35B72D34161AF36B00350CD6 /* 37.png */ = {isa = PBXFileReference; lastKnownFileType = image.png; path = 37.png; sourceTree = "<group>"; };
		35B72D35161AF36B00350CD6 /* 37@2x.png */ = {isa = PBXFileReference; lastKnownFileType = image.png; path = "37@2x.png"; sourceTree = "<group>"; };
		35B72D38161AF36B00350CD6 /* 38.png */ = {isa = PBXFileReference; lastKnownFileType = image.png; path = 38.png; sourceTree = "<group>"; };
		35B72D39161AF36B00350CD6 /* 38@2x.png */ = {isa = PBXFileReference; lastKnownFileType = image.png; path = "38@2x.png"; sourceTree = "<group>"; };
		35B72D3C161AF36B00350CD6 /* 39.png */ = {isa = PBXFileReference; lastKnownFileType = image.png; path = 39.png; sourceTree = "<group>"; };
		35B72D3D161AF36B00350CD6 /* 39@2x.png */ = {isa = PBXFileReference; lastKnownFileType = image.png; path = "39@2x.png"; sourceTree = "<group>"; };
		35B72D40161AF36B00350CD6 /* 40.png */ = {isa = PBXFileReference; lastKnownFileType = image.png; path = 40.png; sourceTree = "<group>"; };
		35B72D41161AF36B00350CD6 /* 40@2x.png */ = {isa = PBXFileReference; lastKnownFileType = image.png; path = "40@2x.png"; sourceTree = "<group>"; };
		35B72D44161AF36B00350CD6 /* 41.png */ = {isa = PBXFileReference; lastKnownFileType = image.png; path = 41.png; sourceTree = "<group>"; };
		35B72D45161AF36B00350CD6 /* 41@2x.png */ = {isa = PBXFileReference; lastKnownFileType = image.png; path = "41@2x.png"; sourceTree = "<group>"; };
		35B72D48161AF36B00350CD6 /* 42.png */ = {isa = PBXFileReference; lastKnownFileType = image.png; path = 42.png; sourceTree = "<group>"; };
		35B72D49161AF36B00350CD6 /* 42@2x.png */ = {isa = PBXFileReference; lastKnownFileType = image.png; path = "42@2x.png"; sourceTree = "<group>"; };
		35B72D4C161AF36B00350CD6 /* 43.png */ = {isa = PBXFileReference; lastKnownFileType = image.png; path = 43.png; sourceTree = "<group>"; };
		35B72D4D161AF36B00350CD6 /* 43@2x.png */ = {isa = PBXFileReference; lastKnownFileType = image.png; path = "43@2x.png"; sourceTree = "<group>"; };
		35B72D50161AF36B00350CD6 /* 44.png */ = {isa = PBXFileReference; lastKnownFileType = image.png; path = 44.png; sourceTree = "<group>"; };
		35B72D51161AF36B00350CD6 /* 44@2x.png */ = {isa = PBXFileReference; lastKnownFileType = image.png; path = "44@2x.png"; sourceTree = "<group>"; };
		35B72D54161AF36B00350CD6 /* 45.png */ = {isa = PBXFileReference; lastKnownFileType = image.png; path = 45.png; sourceTree = "<group>"; };
		35B72D55161AF36C00350CD6 /* 45@2x.png */ = {isa = PBXFileReference; lastKnownFileType = image.png; path = "45@2x.png"; sourceTree = "<group>"; };
		35B72D58161AF36C00350CD6 /* 46.png */ = {isa = PBXFileReference; lastKnownFileType = image.png; path = 46.png; sourceTree = "<group>"; };
		35B72D59161AF36C00350CD6 /* 46@2x.png */ = {isa = PBXFileReference; lastKnownFileType = image.png; path = "46@2x.png"; sourceTree = "<group>"; };
		35B72D5C161AF36C00350CD6 /* 47.png */ = {isa = PBXFileReference; lastKnownFileType = image.png; path = 47.png; sourceTree = "<group>"; };
		35B72D5D161AF36C00350CD6 /* 47@2x.png */ = {isa = PBXFileReference; lastKnownFileType = image.png; path = "47@2x.png"; sourceTree = "<group>"; };
		35B72D60161AF36C00350CD6 /* 48.png */ = {isa = PBXFileReference; lastKnownFileType = image.png; path = 48.png; sourceTree = "<group>"; };
		35B72D61161AF36C00350CD6 /* 48@2x.png */ = {isa = PBXFileReference; lastKnownFileType = image.png; path = "48@2x.png"; sourceTree = "<group>"; };
		35B72D64161AF36C00350CD6 /* 49.png */ = {isa = PBXFileReference; lastKnownFileType = image.png; path = 49.png; sourceTree = "<group>"; };
		35B72D65161AF36C00350CD6 /* 49@2x.png */ = {isa = PBXFileReference; lastKnownFileType = image.png; path = "49@2x.png"; sourceTree = "<group>"; };
		35B72D68161AF36C00350CD6 /* 50.png */ = {isa = PBXFileReference; lastKnownFileType = image.png; path = 50.png; sourceTree = "<group>"; };
		35B72D69161AF36C00350CD6 /* 50@2x.png */ = {isa = PBXFileReference; lastKnownFileType = image.png; path = "50@2x.png"; sourceTree = "<group>"; };
		35B72D6C161AF36C00350CD6 /* 51.png */ = {isa = PBXFileReference; lastKnownFileType = image.png; path = 51.png; sourceTree = "<group>"; };
		35B72D6D161AF36C00350CD6 /* 51@2x.png */ = {isa = PBXFileReference; lastKnownFileType = image.png; path = "51@2x.png"; sourceTree = "<group>"; };
		35B72D70161AF36C00350CD6 /* 52.png */ = {isa = PBXFileReference; lastKnownFileType = image.png; path = 52.png; sourceTree = "<group>"; };
		35B72D71161AF36C00350CD6 /* 52@2x.png */ = {isa = PBXFileReference; lastKnownFileType = image.png; path = "52@2x.png"; sourceTree = "<group>"; };
		35B72D74161AF36C00350CD6 /* 53.png */ = {isa = PBXFileReference; lastKnownFileType = image.png; path = 53.png; sourceTree = "<group>"; };
		35B72D75161AF36C00350CD6 /* 53@2x.png */ = {isa = PBXFileReference; lastKnownFileType = image.png; path = "53@2x.png"; sourceTree = "<group>"; };
/* End PBXFileReference section */

/* Begin PBXFrameworksBuildPhase section */
		35B72C76161AF27800350CD6 /* Frameworks */ = {
			isa = PBXFrameworksBuildPhase;
			buildActionMask = 2147483647;
			files = (
				35B72C7E161AF27800350CD6 /* UIKit.framework in Frameworks */,
				35B72C80161AF27800350CD6 /* Foundation.framework in Frameworks */,
				35B72C82161AF27800350CD6 /* CoreGraphics.framework in Frameworks */,
			);
			runOnlyForDeploymentPostprocessing = 0;
		};
/* End PBXFrameworksBuildPhase section */

/* Begin PBXGroup section */
		35B72C6E161AF27800350CD6 = {
			isa = PBXGroup;
			children = (
				35B72C83161AF27800350CD6 /* UILongPressGestureRecognizer_test */,
				35B72C7C161AF27800350CD6 /* Frameworks */,
				35B72C7A161AF27800350CD6 /* Products */,
			);
			sourceTree = "<group>";
		};
		35B72C7A161AF27800350CD6 /* Products */ = {
			isa = PBXGroup;
			children = (
				35B72C79161AF27800350CD6 /* UILongPressGestureRecognizer_test.app */,
			);
			name = Products;
			sourceTree = "<group>";
		};
		35B72C7C161AF27800350CD6 /* Frameworks */ = {
			isa = PBXGroup;
			children = (
				35B72C7D161AF27800350CD6 /* UIKit.framework */,
				35B72C7F161AF27800350CD6 /* Foundation.framework */,
				35B72C81161AF27800350CD6 /* CoreGraphics.framework */,
			);
			name = Frameworks;
			sourceTree = "<group>";
		};
		35B72C83161AF27800350CD6 /* UILongPressGestureRecognizer_test */ = {
			isa = PBXGroup;
			children = (
				35B72C8C161AF27800350CD6 /* AppDelegate.h */,
				35B72C8D161AF27800350CD6 /* AppDelegate.m */,
				35B72C8F161AF27800350CD6 /* ViewController.h */,
				35B72C90161AF27800350CD6 /* ViewController.m */,
				35B72C92161AF27800350CD6 /* ViewController.xib */,
				35B72C9A161AF36800350CD6 /* 1.png */,
				35B72C9B161AF36800350CD6 /* 1@2x.png */,
				35B72C9F161AF36800350CD6 /* 2.png */,
				35B72CA0161AF36800350CD6 /* 2@2x.png */,
				35B72CA4161AF36800350CD6 /* 3.png */,
				35B72CA5161AF36800350CD6 /* 3@2x.png */,
				35B72CA9161AF36800350CD6 /* 4.png */,
				35B72CAA161AF36800350CD6 /* 4@2x.png */,
				35B72CAE161AF36800350CD6 /* 5.png */,
				35B72CAF161AF36800350CD6 /* 5@2x.png */,
				35B72CB3161AF36800350CD6 /* 6.png */,
				35B72CB4161AF36800350CD6 /* 6@2x.png */,
				35B72CB8161AF36800350CD6 /* 7.png */,
				35B72CB9161AF36800350CD6 /* 7@2x.png */,
				35B72CBD161AF36800350CD6 /* 8.png */,
				35B72CBE161AF36800350CD6 /* 8@2x.png */,
				35B72CC2161AF36900350CD6 /* 9.png */,
				35B72CC3161AF36900350CD6 /* 9@2x.png */,
				35B72CC7161AF36900350CD6 /* 10.png */,
				35B72CC8161AF36900350CD6 /* 10@2x.png */,
				35B72CCC161AF36900350CD6 /* 11.png */,
				35B72CCD161AF36900350CD6 /* 11@2x.png */,
				35B72CD0161AF36900350CD6 /* 12.png */,
				35B72CD1161AF36900350CD6 /* 12@2x.png */,
				35B72CD4161AF36900350CD6 /* 13.png */,
				35B72CD5161AF36900350CD6 /* 13@2x.png */,
				35B72CD8161AF36900350CD6 /* 14.png */,
				35B72CD9161AF36900350CD6 /* 14@2x.png */,
				35B72CDC161AF36900350CD6 /* 15.png */,
				35B72CDD161AF36900350CD6 /* 15@2x.png */,
				35B72CE0161AF36900350CD6 /* 16.png */,
				35B72CE1161AF36900350CD6 /* 16@2x.png */,
				35B72CE4161AF36900350CD6 /* 17.png */,
				35B72CE5161AF36900350CD6 /* 17@2x.png */,
				35B72CE8161AF36900350CD6 /* 18.png */,
				35B72CE9161AF36900350CD6 /* 18@2x.png */,
				35B72CEC161AF36A00350CD6 /* 19.png */,
				35B72CED161AF36A00350CD6 /* 19@2x.png */,
				35B72CF0161AF36A00350CD6 /* 20.png */,
				35B72CF1161AF36A00350CD6 /* 20@2x.png */,
				35B72CF4161AF36A00350CD6 /* 21.png */,
				35B72CF5161AF36A00350CD6 /* 21@2x.png */,
				35B72CF8161AF36A00350CD6 /* 22.png */,
				35B72CF9161AF36A00350CD6 /* 22@2x.png */,
				35B72CFC161AF36A00350CD6 /* 23.png */,
				35B72CFD161AF36A00350CD6 /* 23@2x.png */,
				35B72D00161AF36A00350CD6 /* 24.png */,
				35B72D01161AF36A00350CD6 /* 24@2x.png */,
				35B72D04161AF36A00350CD6 /* 25.png */,
				35B72D05161AF36A00350CD6 /* 25@2x.png */,
				35B72D08161AF36A00350CD6 /* 26.png */,
				35B72D09161AF36A00350CD6 /* 26@2x.png */,
				35B72D0C161AF36A00350CD6 /* 27.png */,
				35B72D0D161AF36A00350CD6 /* 27@2x.png */,
				35B72D10161AF36A00350CD6 /* 28.png */,
				35B72D11161AF36A00350CD6 /* 28@2x.png */,
				35B72D14161AF36A00350CD6 /* 29.png */,
				35B72D15161AF36A00350CD6 /* 29@2x.png */,
				35B72D18161AF36A00350CD6 /* 30.png */,
				35B72D19161AF36A00350CD6 /* 30@2x.png */,
				35B72D1C161AF36A00350CD6 /* 31.png */,
				35B72D1D161AF36A00350CD6 /* 31@2x.png */,
				35B72D20161AF36A00350CD6 /* 32.png */,
				35B72D21161AF36A00350CD6 /* 32@2x.png */,
				35B72D24161AF36A00350CD6 /* 33.png */,
				35B72D25161AF36A00350CD6 /* 33@2x.png */,
				35B72D28161AF36B00350CD6 /* 34.png */,
				35B72D29161AF36B00350CD6 /* 34@2x.png */,
				35B72D2C161AF36B00350CD6 /* 35.png */,
				35B72D2D161AF36B00350CD6 /* 35@2x.png */,
				35B72D30161AF36B00350CD6 /* 36.png */,
				35B72D31161AF36B00350CD6 /* 36@2x.png */,
				35B72D34161AF36B00350CD6 /* 37.png */,
				35B72D35161AF36B00350CD6 /* 37@2x.png */,
				35B72D38161AF36B00350CD6 /* 38.png */,
				35B72D39161AF36B00350CD6 /* 38@2x.png */,
				35B72D3C161AF36B00350CD6 /* 39.png */,
				35B72D3D161AF36B00350CD6 /* 39@2x.png */,
				35B72D40161AF36B00350CD6 /* 40.png */,
				35B72D41161AF36B00350CD6 /* 40@2x.png */,
				35B72D44161AF36B00350CD6 /* 41.png */,
				35B72D45161AF36B00350CD6 /* 41@2x.png */,
				35B72D48161AF36B00350CD6 /* 42.png */,
				35B72D49161AF36B00350CD6 /* 42@2x.png */,
				35B72D4C161AF36B00350CD6 /* 43.png */,
				35B72D4D161AF36B00350CD6 /* 43@2x.png */,
				35B72D50161AF36B00350CD6 /* 44.png */,
				35B72D51161AF36B00350CD6 /* 44@2x.png */,
				35B72D54161AF36B00350CD6 /* 45.png */,
				35B72D55161AF36C00350CD6 /* 45@2x.png */,
				35B72D58161AF36C00350CD6 /* 46.png */,
				35B72D59161AF36C00350CD6 /* 46@2x.png */,
				35B72D5C161AF36C00350CD6 /* 47.png */,
				35B72D5D161AF36C00350CD6 /* 47@2x.png */,
				35B72D60161AF36C00350CD6 /* 48.png */,
				35B72D61161AF36C00350CD6 /* 48@2x.png */,
				35B72D64161AF36C00350CD6 /* 49.png */,
				35B72D65161AF36C00350CD6 /* 49@2x.png */,
				35B72D68161AF36C00350CD6 /* 50.png */,
				35B72D69161AF36C00350CD6 /* 50@2x.png */,
				35B72D6C161AF36C00350CD6 /* 51.png */,
				35B72D6D161AF36C00350CD6 /* 51@2x.png */,
				35B72D70161AF36C00350CD6 /* 52.png */,
				35B72D71161AF36C00350CD6 /* 52@2x.png */,
				35B72D74161AF36C00350CD6 /* 53.png */,
				35B72D75161AF36C00350CD6 /* 53@2x.png */,
				35B72C84161AF27800350CD6 /* Supporting Files */,
			);
			path = UILongPressGestureRecognizer_test;
			sourceTree = "<group>";
		};
		35B72C84161AF27800350CD6 /* Supporting Files */ = {
			isa = PBXGroup;
			children = (
				35B72C85161AF27800350CD6 /* UILongPressGestureRecognizer_test-Info.plist */,
				35B72C86161AF27800350CD6 /* InfoPlist.strings */,
				35B72C89161AF27800350CD6 /* main.m */,
				35B72C8B161AF27800350CD6 /* UILongPressGestureRecognizer_test-Prefix.pch */,
			);
			name = "Supporting Files";
			sourceTree = "<group>";
		};
/* End PBXGroup section */

/* Begin PBXNativeTarget section */
		35B72C78161AF27800350CD6 /* UILongPressGestureRecognizer_test */ = {
			isa = PBXNativeTarget;
			buildConfigurationList = 35B72C97161AF27800350CD6 /* Build configuration list for PBXNativeTarget "UILongPressGestureRecognizer_test" */;
			buildPhases = (
				35B72C75161AF27800350CD6 /* Sources */,
				35B72C76161AF27800350CD6 /* Frameworks */,
				35B72C77161AF27800350CD6 /* Resources */,
			);
			buildRules = (
			);
			dependencies = (
			);
			name = UILongPressGestureRecognizer_test;
			productName = UILongPressGestureRecognizer_test;
			productReference = 35B72C79161AF27800350CD6 /* UILongPressGestureRecognizer_test.app */;
			productType = "com.apple.product-type.application";
		};
/* End PBXNativeTarget section */

/* Begin PBXProject section */
		35B72C70161AF27800350CD6 /* Project object */ = {
			isa = PBXProject;
			attributes = {
				LastUpgradeCheck = 0440;
				ORGANIZATIONNAME = w7software.com;
			};
			buildConfigurationList = 35B72C73161AF27800350CD6 /* Build configuration list for PBXProject "UILongPressGestureRecognizer_test" */;
			compatibilityVersion = "Xcode 3.2";
			developmentRegion = English;
			hasScannedForEncodings = 0;
			knownRegions = (
				en,
			);
			mainGroup = 35B72C6E161AF27800350CD6;
			productRefGroup = 35B72C7A161AF27800350CD6 /* Products */;
			projectDirPath = "";
			projectRoot = "";
			targets = (
				35B72C78161AF27800350CD6 /* UILongPressGestureRecognizer_test */,
			);
		};
/* End PBXProject section */

/* Begin PBXResourcesBuildPhase section */
		35B72C77161AF27800350CD6 /* Resources */ = {
			isa = PBXResourcesBuildPhase;
			buildActionMask = 2147483647;
			files = (
				35B72C88161AF27800350CD6 /* InfoPlist.strings in Resources */,
				35B72C94161AF27800350CD6 /* ViewController.xib in Resources */,
				35B72D78161AF36C00350CD6 /* 1.png in Resources */,
				35B72D79161AF36C00350CD6 /* 1@2x.png in Resources */,
				35B72D7D161AF36C00350CD6 /* 2.png in Resources */,
				35B72D7E161AF36C00350CD6 /* 2@2x.png in Resources */,
				35B72D82161AF36C00350CD6 /* 3.png in Resources */,
				35B72D83161AF36C00350CD6 /* 3@2x.png in Resources */,
				35B72D87161AF36C00350CD6 /* 4.png in Resources */,
				35B72D88161AF36C00350CD6 /* 4@2x.png in Resources */,
				35B72D8C161AF36C00350CD6 /* 5.png in Resources */,
				35B72D8D161AF36C00350CD6 /* 5@2x.png in Resources */,
				35B72D91161AF36C00350CD6 /* 6.png in Resources */,
				35B72D92161AF36C00350CD6 /* 6@2x.png in Resources */,
				35B72D96161AF36C00350CD6 /* 7.png in Resources */,
				35B72D97161AF36C00350CD6 /* 7@2x.png in Resources */,
				35B72D9B161AF36C00350CD6 /* 8.png in Resources */,
				35B72D9C161AF36C00350CD6 /* 8@2x.png in Resources */,
				35B72DA0161AF36C00350CD6 /* 9.png in Resources */,
				35B72DA1161AF36C00350CD6 /* 9@2x.png in Resources */,
				35B72DA5161AF36C00350CD6 /* 10.png in Resources */,
				35B72DA6161AF36C00350CD6 /* 10@2x.png in Resources */,
				35B72DAA161AF36C00350CD6 /* 11.png in Resources */,
				35B72DAB161AF36C00350CD6 /* 11@2x.png in Resources */,
				35B72DAE161AF36C00350CD6 /* 12.png in Resources */,
				35B72DAF161AF36C00350CD6 /* 12@2x.png in Resources */,
				35B72DB2161AF36C00350CD6 /* 13.png in Resources */,
				35B72DB3161AF36C00350CD6 /* 13@2x.png in Resources */,
				35B72DB6161AF36C00350CD6 /* 14.png in Resources */,
				35B72DB7161AF36C00350CD6 /* 14@2x.png in Resources */,
				35B72DBA161AF36C00350CD6 /* 15.png in Resources */,
				35B72DBB161AF36C00350CD6 /* 15@2x.png in Resources */,
				35B72DBE161AF36C00350CD6 /* 16.png in Resources */,
				35B72DBF161AF36C00350CD6 /* 16@2x.png in Resources */,
				35B72DC2161AF36C00350CD6 /* 17.png in Resources */,
				35B72DC3161AF36C00350CD6 /* 17@2x.png in Resources */,
				35B72DC6161AF36C00350CD6 /* 18.png in Resources */,
				35B72DC7161AF36C00350CD6 /* 18@2x.png in Resources */,
				35B72DCA161AF36C00350CD6 /* 19.png in Resources */,
				35B72DCB161AF36C00350CD6 /* 19@2x.png in Resources */,
				35B72DCE161AF36C00350CD6 /* 20.png in Resources */,
				35B72DCF161AF36C00350CD6 /* 20@2x.png in Resources */,
				35B72DD2161AF36C00350CD6 /* 21.png in Resources */,
				35B72DD3161AF36C00350CD6 /* 21@2x.png in Resources */,
				35B72DD6161AF36C00350CD6 /* 22.png in Resources */,
				35B72DD7161AF36C00350CD6 /* 22@2x.png in Resources */,
				35B72DDA161AF36C00350CD6 /* 23.png in Resources */,
				35B72DDB161AF36C00350CD6 /* 23@2x.png in Resources */,
				35B72DDE161AF36C00350CD6 /* 24.png in Resources */,
				35B72DDF161AF36C00350CD6 /* 24@2x.png in Resources */,
				35B72DE2161AF36C00350CD6 /* 25.png in Resources */,
				35B72DE3161AF36C00350CD6 /* 25@2x.png in Resources */,
				35B72DE6161AF36C00350CD6 /* 26.png in Resources */,
				35B72DE7161AF36C00350CD6 /* 26@2x.png in Resources */,
				35B72DEA161AF36C00350CD6 /* 27.png in Resources */,
				35B72DEB161AF36C00350CD6 /* 27@2x.png in Resources */,
				35B72DEE161AF36C00350CD6 /* 28.png in Resources */,
				35B72DEF161AF36C00350CD6 /* 28@2x.png in Resources */,
				35B72DF2161AF36C00350CD6 /* 29.png in Resources */,
				35B72DF3161AF36C00350CD6 /* 29@2x.png in Resources */,
				35B72DF6161AF36C00350CD6 /* 30.png in Resources */,
				35B72DF7161AF36C00350CD6 /* 30@2x.png in Resources */,
				35B72DFA161AF36C00350CD6 /* 31.png in Resources */,
				35B72DFB161AF36C00350CD6 /* 31@2x.png in Resources */,
				35B72DFE161AF36C00350CD6 /* 32.png in Resources */,
				35B72DFF161AF36C00350CD6 /* 32@2x.png in Resources */,
				35B72E02161AF36C00350CD6 /* 33.png in Resources */,
				35B72E03161AF36C00350CD6 /* 33@2x.png in Resources */,
				35B72E06161AF36C00350CD6 /* 34.png in Resources */,
				35B72E07161AF36C00350CD6 /* 34@2x.png in Resources */,
				35B72E0A161AF36C00350CD6 /* 35.png in Resources */,
				35B72E0B161AF36C00350CD6 /* 35@2x.png in Resources */,
				35B72E0E161AF36C00350CD6 /* 36.png in Resources */,
				35B72E0F161AF36C00350CD6 /* 36@2x.png in Resources */,
				35B72E12161AF36C00350CD6 /* 37.png in Resources */,
				35B72E13161AF36C00350CD6 /* 37@2x.png in Resources */,
				35B72E16161AF36C00350CD6 /* 38.png in Resources */,
				35B72E17161AF36C00350CD6 /* 38@2x.png in Resources */,
				35B72E1A161AF36C00350CD6 /* 39.png in Resources */,
				35B72E1B161AF36C00350CD6 /* 39@2x.png in Resources */,
				35B72E1E161AF36C00350CD6 /* 40.png in Resources */,
				35B72E1F161AF36C00350CD6 /* 40@2x.png in Resources */,
				35B72E22161AF36C00350CD6 /* 41.png in Resources */,
				35B72E23161AF36C00350CD6 /* 41@2x.png in Resources */,
				35B72E26161AF36C00350CD6 /* 42.png in Resources */,
				35B72E27161AF36C00350CD6 /* 42@2x.png in Resources */,
				35B72E2A161AF36C00350CD6 /* 43.png in Resources */,
				35B72E2B161AF36C00350CD6 /* 43@2x.png in Resources */,
				35B72E2E161AF36C00350CD6 /* 44.png in Resources */,
				35B72E2F161AF36C00350CD6 /* 44@2x.png in Resources */,
				35B72E32161AF36C00350CD6 /* 45.png in Resources */,
				35B72E33161AF36C00350CD6 /* 45@2x.png in Resources */,
				35B72E36161AF36C00350CD6 /* 46.png in Resources */,
				35B72E37161AF36C00350CD6 /* 46@2x.png in Resources */,
				35B72E3A161AF36C00350CD6 /* 47.png in Resources */,
				35B72E3B161AF36C00350CD6 /* 47@2x.png in Resources */,
				35B72E3E161AF36C00350CD6 /* 48.png in Resources */,
				35B72E3F161AF36C00350CD6 /* 48@2x.png in Resources */,
				35B72E42161AF36C00350CD6 /* 49.png in Resources */,
				35B72E43161AF36C00350CD6 /* 49@2x.png in Resources */,
				35B72E46161AF36C00350CD6 /* 50.png in Resources */,
				35B72E47161AF36C00350CD6 /* 50@2x.png in Resources */,
				35B72E4A161AF36C00350CD6 /* 51.png in Resources */,
				35B72E4B161AF36C00350CD6 /* 51@2x.png in Resources */,
				35B72E4E161AF36C00350CD6 /* 52.png in Resources */,
				35B72E4F161AF36C00350CD6 /* 52@2x.png in Resources */,
				35B72E52161AF36C00350CD6 /* 53.png in Resources */,
				35B72E53161AF36C00350CD6 /* 53@2x.png in Resources */,
			);
			runOnlyForDeploymentPostprocessing = 0;
		};
/* End PBXResourcesBuildPhase section */

/* Begin PBXSourcesBuildPhase section */
		35B72C75161AF27800350CD6 /* Sources */ = {
			isa = PBXSourcesBuildPhase;
			buildActionMask = 2147483647;
			files = (
				35B72C8A161AF27800350CD6 /* main.m in Sources */,
				35B72C8E161AF27800350CD6 /* AppDelegate.m in Sources */,
				35B72C91161AF27800350CD6 /* ViewController.m in Sources */,
			);
			runOnlyForDeploymentPostprocessing = 0;
		};
/* End PBXSourcesBuildPhase section */

/* Begin PBXVariantGroup section */
		35B72C86161AF27800350CD6 /* InfoPlist.strings */ = {
			isa = PBXVariantGroup;
			children = (
				35B72C87161AF27800350CD6 /* en */,
			);
			name = InfoPlist.strings;
			sourceTree = "<group>";
		};
		35B72C92161AF27800350CD6 /* ViewController.xib */ = {
			isa = PBXVariantGroup;
			children = (
				35B72C93161AF27800350CD6 /* en */,
			);
			name = ViewController.xib;
			sourceTree = "<group>";
		};
/* End PBXVariantGroup section */

/* Begin XCBuildConfiguration section */
		35B72C95161AF27800350CD6 /* Debug */ = {
			isa = XCBuildConfiguration;
			buildSettings = {
				ALWAYS_SEARCH_USER_PATHS = NO;
				ARCHS = "$(ARCHS_STANDARD_32_BIT)";
				CLANG_CXX_LANGUAGE_STANDARD = "gnu++0x";
				CLANG_ENABLE_OBJC_ARC = YES;
				CLANG_WARN__DUPLICATE_METHOD_MATCH = YES;
				"CODE_SIGN_IDENTITY[sdk=iphoneos*]" = "iPhone Developer";
				COPY_PHASE_STRIP = NO;
				GCC_C_LANGUAGE_STANDARD = gnu99;
				GCC_DYNAMIC_NO_PIC = NO;
				GCC_OPTIMIZATION_LEVEL = 0;
				GCC_PREPROCESSOR_DEFINITIONS = (
					"DEBUG=1",
					"$(inherited)",
				);
				GCC_SYMBOLS_PRIVATE_EXTERN = NO;
				GCC_VERSION = com.apple.compilers.llvm.clang.1_0;
				GCC_WARN_ABOUT_RETURN_TYPE = YES;
				GCC_WARN_UNINITIALIZED_AUTOS = YES;
				GCC_WARN_UNUSED_VARIABLE = YES;
				IPHONEOS_DEPLOYMENT_TARGET = 5.1;
				SDKROOT = iphoneos;
			};
			name = Debug;
		};
		35B72C96161AF27800350CD6 /* Release */ = {
			isa = XCBuildConfiguration;
			buildSettings = {
				ALWAYS_SEARCH_USER_PATHS = NO;
				ARCHS = "$(ARCHS_STANDARD_32_BIT)";
				CLANG_CXX_LANGUAGE_STANDARD = "gnu++0x";
				CLANG_ENABLE_OBJC_ARC = YES;
				CLANG_WARN__DUPLICATE_METHOD_MATCH = YES;
				"CODE_SIGN_IDENTITY[sdk=iphoneos*]" = "iPhone Developer";
				COPY_PHASE_STRIP = YES;
				GCC_C_LANGUAGE_STANDARD = gnu99;
				GCC_VERSION = com.apple.compilers.llvm.clang.1_0;
				GCC_WARN_ABOUT_RETURN_TYPE = YES;
				GCC_WARN_UNINITIALIZED_AUTOS = YES;
				GCC_WARN_UNUSED_VARIABLE = YES;
				IPHONEOS_DEPLOYMENT_TARGET = 5.1;
				OTHER_CFLAGS = "-DNS_BLOCK_ASSERTIONS=1";
				SDKROOT = iphoneos;
				VALIDATE_PRODUCT = YES;
			};
			name = Release;
		};
		35B72C98161AF27800350CD6 /* Debug */ = {
			isa = XCBuildConfiguration;
			buildSettings = {
				GCC_PRECOMPILE_PREFIX_HEADER = YES;
				GCC_PREFIX_HEADER = "UILongPressGestureRecognizer_test/UILongPressGestureRecognizer_test-Prefix.pch";
				INFOPLIST_FILE = "UILongPressGestureRecognizer_test/UILongPressGestureRecognizer_test-Info.plist";
				PRODUCT_NAME = "$(TARGET_NAME)";
				WRAPPER_EXTENSION = app;
			};
			name = Debug;
		};
		35B72C99161AF27800350CD6 /* Release */ = {
			isa = XCBuildConfiguration;
			buildSettings = {
				GCC_PRECOMPILE_PREFIX_HEADER = YES;
				GCC_PREFIX_HEADER = "UILongPressGestureRecognizer_test/UILongPressGestureRecognizer_test-Prefix.pch";
				INFOPLIST_FILE = "UILongPressGestureRecognizer_test/UILongPressGestureRecognizer_test-Info.plist";
				PRODUCT_NAME = "$(TARGET_NAME)";
				WRAPPER_EXTENSION = app;
			};
			name = Release;
		};
/* End XCBuildConfiguration section */

/* Begin XCConfigurationList section */
		35B72C73161AF27800350CD6 /* Build configuration list for PBXProject "UILongPressGestureRecognizer_test" */ = {
			isa = XCConfigurationList;
			buildConfigurations = (
				35B72C95161AF27800350CD6 /* Debug */,
				35B72C96161AF27800350CD6 /* Release */,
			);
			defaultConfigurationIsVisible = 0;
			defaultConfigurationName = Release;
		};
		35B72C97161AF27800350CD6 /* Build configuration list for PBXNativeTarget "UILongPressGestureRecognizer_test" */ = {
			isa = XCConfigurationList;
			buildConfigurations = (
				35B72C98161AF27800350CD6 /* Debug */,
				35B72C99161AF27800350CD6 /* Release */,
			);
			defaultConfigurationIsVisible = 0;
		};
/* End XCConfigurationList section */
	};
	rootObject = 35B72C70161AF27800350CD6 /* Project object */;
}
